# This file is generated by running "yarn install" inside your project.
# Manual changes might be lost - proceed with caution!

__metadata:
  version: 8
  cacheKey: 10c0

"@types/node@npm:*":
  version: 22.7.4
  resolution: "@types/node@npm:22.7.4"
  dependencies:
    undici-types: "npm:~6.19.2"
  checksum: 10c0/c22bf54515c78ff3170142c1e718b90e2a0003419dc2d55f79c9c9362edd590a6ab1450deb09ff6e1b32d1b4698da407930b16285e8be3a009ea6cd2695cac01
  languageName: node
  linkType: hard

"@types/pngjs@npm:^6.0.5":
  version: 6.0.5
  resolution: "@types/pngjs@npm:6.0.5"
  dependencies:
    "@types/node": "npm:*"
  checksum: 10c0/11979d0690e774046d3a1e8cfc613a6b53a613909d81c93831cf253800e93ba1a2d47950979b523aebd4fc023351b644d7f4aa2dfcc027c70816a2968420e7da
  languageName: node
  linkType: hard

"pngjs@npm:^7.0.0":
  version: 7.0.0
  resolution: "pngjs@npm:7.0.0"
  checksum: 10c0/0d4c7a0fd476a9c33df7d0a2a73e1d56537628a668841f6995c2bca070cf30819f9254a64363266bc14ef2fee47659dd3b4f2b18eec7ab65143015139f497b38
  languageName: node
  linkType: hard

"random-png@workspace:.":
  version: 0.0.0-use.local
  resolution: "random-png@workspace:."
  dependencies:
    "@types/pngjs": "npm:^6.0.5"
    pngjs: "npm:^7.0.0"
    typescript: "npm:^5.6.2"
  languageName: unknown
  linkType: soft

"typescript@npm:^5.6.2":
  version: 5.6.2
  resolution: "typescript@npm:5.6.2"
  bin:
    tsc: bin/tsc
    tsserver: bin/tsserver
  checksum: 10c0/3ed8297a8c7c56b7fec282532503d1ac795239d06e7c4966b42d4330c6cf433a170b53bcf93a130a7f14ccc5235de5560df4f1045eb7f3550b46ebed16d3c5e5
  languageName: node
  linkType: hard

"typescript@patch:typescript@npm%3A^5.6.2#optional!builtin<compat/typescript>":
  version: 5.6.2
  resolution: "typescript@patch:typescript@npm%3A5.6.2#optional!builtin<compat/typescript>::version=5.6.2&hash=8c6c40"
  bin:
    tsc: bin/tsc
    tsserver: bin/tsserver
  checksum: 10c0/94eb47e130d3edd964b76da85975601dcb3604b0c848a36f63ac448d0104e93819d94c8bdf6b07c00120f2ce9c05256b8b6092d23cf5cf1c6fa911159e4d572f
  languageName: node
  linkType: hard

"undici-types@npm:~6.19.2":
  version: 6.19.8
  resolution: "undici-types@npm:6.19.8"
  checksum: 10c0/078afa5990fba110f6824823ace86073b4638f1d5112ee26e790155f481f2a868cc3e0615505b6f4282bdf74a3d8caad715fd809e870c2bb0704e3ea6082f344
  languageName: node
  linkType: hard
